# This file was autogenerated by Stack.
# You should not edit this file by hand.
# For more information, please see the documentation at:
#   https://docs.haskellstack.org/en/stable/lock_files

packages:
- completed:
    hackage: cairo-0.13.8.1@sha256:1938aaeb5d3504678d995774dfe870f6b66cbd43d336b692fa8779b23b2b67a9,4075
    pantry-tree:
      size: 2830
      sha256: 8f6344da4c578a4dd3a49c333e2158b695bfae32a74d34a76bbc6e531b70c95c
  original:
    hackage: cairo-0.13.8.1@sha256:1938aaeb5d3504678d995774dfe870f6b66cbd43d336b692fa8779b23b2b67a9,4075
- completed:
    hackage: ghc-events-0.15.1@sha256:b4052e98694a6426f46fb6ebb250b06d6f68a14fa0b7ceb7c01282c6bb5fe47e,3757
    pantry-tree:
      size: 4722
      sha256: c35d1d81e474f7a1f88601144cf12f4860980f6f370ee53cea4a13a36a27ab90
  original:
    hackage: ghc-events-0.15.1@sha256:b4052e98694a6426f46fb6ebb250b06d6f68a14fa0b7ceb7c01282c6bb5fe47e,3757
- completed:
    hackage: glib-0.13.8.1@sha256:42670daf0c85309281e08ba8559df75daa2e3be642e79fdfa781bef5e59658b0,3156
    pantry-tree:
      size: 1625
      sha256: 1167575db8823b7a9f5fbaebdbc0ea5cef54301e442754ec256ba9371bd388e7
  original:
    hackage: glib-0.13.8.1@sha256:42670daf0c85309281e08ba8559df75daa2e3be642e79fdfa781bef5e59658b0,3156
- completed:
    hackage: gtk-0.15.5@sha256:62b0ed14e07e57f13a575d36f37c6f250ee9ed45d68d492685e8bd26c35c2203,16598
    pantry-tree:
      size: 21349
      sha256: 4ac5265002ca446b309acc48e469e37ec2b09827886af4e733bd1f68539a4879
  original:
    hackage: gtk-0.15.5@sha256:62b0ed14e07e57f13a575d36f37c6f250ee9ed45d68d492685e8bd26c35c2203,16598
- completed:
    hackage: pango-0.13.8.1@sha256:877b121c0bf87c96d3619effae6751ecfd74b7f7f3227cf3fde012597aed5ed9,3917
    pantry-tree:
      size: 1506
      sha256: eec456a3d16f1a9305196a86a7c49a6f2cfe1b041a50b02059dc4898a07a3bd9
  original:
    hackage: pango-0.13.8.1@sha256:877b121c0bf87c96d3619effae6751ecfd74b7f7f3227cf3fde012597aed5ed9,3917
- completed:
    hackage: gio-0.13.8.1@sha256:7404841eefdfffb50c2b5f63879ffe4bf40fb5ddf90a7f633494eca0e23150a5,3136
    pantry-tree:
      size: 2036
      sha256: aaaf68e5b95f7ac53e60e55552bb0919597bd4002ebdf45fbd580cbc1c71f487
  original:
    hackage: gio-0.13.8.1@sha256:7404841eefdfffb50c2b5f63879ffe4bf40fb5ddf90a7f633494eca0e23150a5,3136
- completed:
    hackage: gtk2hs-buildtools-0.13.8.2@sha256:01c4a6cc3679008bd4caec32b49843acb27a5f48ee2b22484218f097835548f6,5238
    pantry-tree:
      size: 3588
      sha256: 1c3b449a69f4bb2d27c09a89e447552a58201a3febf5418e67af0001a0cbb0a7
  original:
    hackage: gtk2hs-buildtools-0.13.8.2@sha256:01c4a6cc3679008bd4caec32b49843acb27a5f48ee2b22484218f097835548f6,5238
snapshots:
- completed:
    size: 586103
    url: https://raw.githubusercontent.com/commercialhaskell/stackage-snapshots/master/lts/18/19.yaml
    sha256: 32716534fff554b7f90762130fdb985cabf29f157758934dd1c8f3892a646430
  original:
    url: https://raw.githubusercontent.com/commercialhaskell/stackage-snapshots/master/lts/18/19.yaml
